
Microsoft Visual Studio Solution File, Format Version 12.00
# Visual Studio Version 17
VisualStudioVersion = 17.10.34804.81
MinimumVisualStudioVersion = 10.0.40219.1
Project("{FAE04EC0-301F-11D3-BF4B-00C04F79EFBC}") = "SchoolManagment.Api", "SchoolManagment.Api\SchoolManagment.Api.csproj", "{4A861095-C21D-497C-8FA1-73F3B35FCBC7}"
EndProject
Project("{FAE04EC0-301F-11D3-BF4B-00C04F79EFBC}") = "SchoolManagment.Core", "SchoolManagment.Core\SchoolManagment.Core.csproj", "{1FDD8B89-24EA-4752-A078-5AAB3EA43BBA}"
EndProject
Project("{FAE04EC0-301F-11D3-BF4B-00C04F79EFBC}") = "SchoolManagment.Infrastructure", "SchoolManagment.Infrastructure\SchoolManagment.Infrastructure.csproj", "{B34D2DF5-66D1-4B8E-9DB8-DD53E68139FD}"
EndProject
Project("{FAE04EC0-301F-11D3-BF4B-00C04F79EFBC}") = "SchoolManagment.Services", "SchoolManagment.Services\SchoolManagment.Services.csproj", "{091E153D-2A81-4F14-BE39-9A63871B861C}"
EndProject
Project("{FAE04EC0-301F-11D3-BF4B-00C04F79EFBC}") = "SchoolManagment.Data", "SchoolManagment.Data\SchoolManagment.Data.csproj", "{CBA4B560-6029-47D4-9A0A-530031D3D4DE}"
EndProject
Global
	GlobalSection(SolutionConfigurationPlatforms) = preSolution
		Debug|Any CPU = Debug|Any CPU
		Release|Any CPU = Release|Any CPU
	EndGlobalSection
	GlobalSection(ProjectConfigurationPlatforms) = postSolution
		{4A861095-C21D-497C-8FA1-73F3B35FCBC7}.Debug|Any CPU.ActiveCfg = Debug|Any CPU
		{4A861095-C21D-497C-8FA1-73F3B35FCBC7}.Debug|Any CPU.Build.0 = Debug|Any CPU
		{4A861095-C21D-497C-8FA1-73F3B35FCBC7}.Release|Any CPU.ActiveCfg = Release|Any CPU
		{4A861095-C21D-497C-8FA1-73F3B35FCBC7}.Release|Any CPU.Build.0 = Release|Any CPU
		{1FDD8B89-24EA-4752-A078-5AAB3EA43BBA}.Debug|Any CPU.ActiveCfg = Debug|Any CPU
		{1FDD8B89-24EA-4752-A078-5AAB3EA43BBA}.Debug|Any CPU.Build.0 = Debug|Any CPU
		{1FDD8B89-24EA-4752-A078-5AAB3EA43BBA}.Release|Any CPU.ActiveCfg = Release|Any CPU
		{1FDD8B89-24EA-4752-A078-5AAB3EA43BBA}.Release|Any CPU.Build.0 = Release|Any CPU
		{B34D2DF5-66D1-4B8E-9DB8-DD53E68139FD}.Debug|Any CPU.ActiveCfg = Debug|Any CPU
		{B34D2DF5-66D1-4B8E-9DB8-DD53E68139FD}.Debug|Any CPU.Build.0 = Debug|Any CPU
		{B34D2DF5-66D1-4B8E-9DB8-DD53E68139FD}.Release|Any CPU.ActiveCfg = Release|Any CPU
		{B34D2DF5-66D1-4B8E-9DB8-DD53E68139FD}.Release|Any CPU.Build.0 = Release|Any CPU
		{091E153D-2A81-4F14-BE39-9A63871B861C}.Debug|Any CPU.ActiveCfg = Debug|Any CPU
		{091E153D-2A81-4F14-BE39-9A63871B861C}.Debug|Any CPU.Build.0 = Debug|Any CPU
		{091E153D-2A81-4F14-BE39-9A63871B861C}.Release|Any CPU.ActiveCfg = Release|Any CPU
		{091E153D-2A81-4F14-BE39-9A63871B861C}.Release|Any CPU.Build.0 = Release|Any CPU
		{CBA4B560-6029-47D4-9A0A-530031D3D4DE}.Debug|Any CPU.ActiveCfg = Debug|Any CPU
		{CBA4B560-6029-47D4-9A0A-530031D3D4DE}.Debug|Any CPU.Build.0 = Debug|Any CPU
		{CBA4B560-6029-47D4-9A0A-530031D3D4DE}.Release|Any CPU.ActiveCfg = Release|Any CPU
		{CBA4B560-6029-47D4-9A0A-530031D3D4DE}.Release|Any CPU.Build.0 = Release|Any CPU
	EndGlobalSection
	GlobalSection(SolutionProperties) = preSolution
		HideSolutionNode = FALSE
	EndGlobalSection
	GlobalSection(ExtensibilityGlobals) = postSolution
		SolutionGuid = {5EEDA3E5-6528-4CF4-AE2B-EF25E91529A3}
	EndGlobalSection
EndGlobal
